# This file is automatically @generated by Poetry 1.8.4 and should not be changed by hand.

[[package]]
name = "slack-sdk"
version = "3.33.3"
description = "The Slack API Platform SDK for Python"
optional = false
python-versions = ">=3.6"
files = [
    {file = "slack_sdk-3.33.3-py2.py3-none-any.whl", hash = "sha256:0515fb93cd03b18de61f876a8304c4c3cef4dd3c2a3bad62d7394d2eb5a3c8e6"},
    {file = "slack_sdk-3.33.3.tar.gz", hash = "sha256:4cc44c9ffe4bb28a01fbe3264c2f466c783b893a4eca62026ab845ec7c176ff1"},
]

[package.extras]
optional = ["SQLAlchemy (>=1.4,<3)", "aiodns (>1.0)", "aiohttp (>=3.7.3,<4)", "boto3 (<=2)", "websocket-client (>=1,<2)", "websockets (>=9.1,<14)"]

[metadata]
lock-version = "2.0"
python-versions = "^3.12"
content-hash = "f0ccadef751c449f2670ba9b79d8a5b565d63c7c44127e91a7f0c5e6887da9a6"
